// !$*UTF8*$!
{
	archiveVersion = 1;
	classes = {
	};
	objectVersion = 46;
	objects = {

/* Begin PBXBuildFile section */
		7CE6150F1F01899600AEB9B3 /* AppDelegate.swift in Sources */ = {isa = PBXBuildFile; fileRef = 7CE6150E1F01899600AEB9B3 /* AppDelegate.swift */; };
		7CE615111F01899600AEB9B3 /* ViewController.swift in Sources */ = {isa = PBXBuildFile; fileRef = 7CE615101F01899600AEB9B3 /* ViewController.swift */; };
		7CE615141F01899600AEB9B3 /* Main.storyboard in Resources */ = {isa = PBXBuildFile; fileRef = 7CE615121F01899600AEB9B3 /* Main.storyboard */; };
		7CE615161F01899600AEB9B3 /* Assets.xcassets in Resources */ = {isa = PBXBuildFile; fileRef = 7CE615151F01899600AEB9B3 /* Assets.xcassets */; };
		7CE615191F01899600AEB9B3 /* LaunchScreen.storyboard in Resources */ = {isa = PBXBuildFile; fileRef = 7CE615171F01899600AEB9B3 /* LaunchScreen.storyboard */; };
		7CE615241F01899600AEB9B3 /* chatTests.swift in Sources */ = {isa = PBXBuildFile; fileRef = 7CE615231F01899600AEB9B3 /* chatTests.swift */; };
		7CE6152F1F01899600AEB9B3 /* chatUITests.swift in Sources */ = {isa = PBXBuildFile; fileRef = 7CE6152E1F01899600AEB9B3 /* chatUITests.swift */; };
/* End PBXBuildFile section */

/* Begin PBXContainerItemProxy section */
		7CE615201F01899600AEB9B3 /* PBXContainerItemProxy */ = {
			isa = PBXContainerItemProxy;
			containerPortal = 7CE615031F01899600AEB9B3 /* Project object */;
			proxyType = 1;
			remoteGlobalIDString = 7CE6150A1F01899600AEB9B3;
			remoteInfo = chat;
		};
		7CE6152B1F01899600AEB9B3 /* PBXContainerItemProxy */ = {
			isa = PBXContainerItemProxy;
			containerPortal = 7CE615031F01899600AEB9B3 /* Project object */;
			proxyType = 1;
			remoteGlobalIDString = 7CE6150A1F01899600AEB9B3;
			remoteInfo = chat;
		};
/* End PBXContainerItemProxy section */

/* Begin PBXFileReference section */
		7CE6150B1F01899600AEB9B3 /* chat.app */ = {isa = PBXFileReference; explicitFileType = wrapper.application; includeInIndex = 0; path = chat.app; sourceTree = BUILT_PRODUCTS_DIR; };
		7CE6150E1F01899600AEB9B3 /* AppDelegate.swift */ = {isa = PBXFileReference; lastKnownFileType = sourcecode.swift; path = AppDelegate.swift; sourceTree = "<group>"; };
		7CE615101F01899600AEB9B3 /* ViewController.swift */ = {isa = PBXFileReference; lastKnownFileType = sourcecode.swift; path = ViewController.swift; sourceTree = "<group>"; };
		7CE615131F01899600AEB9B3 /* Base */ = {isa = PBXFileReference; lastKnownFileType = file.storyboard; name = Base; path = Base.lproj/Main.storyboard; sourceTree = "<group>"; };
		7CE615151F01899600AEB9B3 /* Assets.xcassets */ = {isa = PBXFileReference; lastKnownFileType = folder.assetcatalog; path = Assets.xcassets; sourceTree = "<group>"; };
		7CE615181F01899600AEB9B3 /* Base */ = {isa = PBXFileReference; lastKnownFileType = file.storyboard; name = Base; path = Base.lproj/LaunchScreen.storyboard; sourceTree = "<group>"; };
		7CE6151A1F01899600AEB9B3 /* Info.plist */ = {isa = PBXFileReference; lastKnownFileType = text.plist.xml; path = Info.plist; sourceTree = "<group>"; };
		7CE6151F1F01899600AEB9B3 /* chatTests.xctest */ = {isa = PBXFileReference; explicitFileType = wrapper.cfbundle; includeInIndex = 0; path = chatTests.xctest; sourceTree = BUILT_PRODUCTS_DIR; };
		7CE615231F01899600AEB9B3 /* chatTests.swift */ = {isa = PBXFileReference; lastKnownFileType = sourcecode.swift; path = chatTests.swift; sourceTree = "<group>"; };
		7CE615251F01899600AEB9B3 /* Info.plist */ = {isa = PBXFileReference; lastKnownFileType = text.plist.xml; path = Info.plist; sourceTree = "<group>"; };
		7CE6152A1F01899600AEB9B3 /* chatUITests.xctest */ = {isa = PBXFileReference; explicitFileType = wrapper.cfbundle; includeInIndex = 0; path = chatUITests.xctest; sourceTree = BUILT_PRODUCTS_DIR; };
		7CE6152E1F01899600AEB9B3 /* chatUITests.swift */ = {isa = PBXFileReference; lastKnownFileType = sourcecode.swift; path = chatUITests.swift; sourceTree = "<group>"; };
		7CE615301F01899600AEB9B3 /* Info.plist */ = {isa = PBXFileReference; lastKnownFileType = text.plist.xml; path = Info.plist; sourceTree = "<group>"; };
/* End PBXFileReference section */

/* Begin PBXFrameworksBuildPhase section */
		7CE615081F01899600AEB9B3 /* Frameworks */ = {
			isa = PBXFrameworksBuildPhase;
			buildActionMask = 2147483647;
			files = (
			);
			runOnlyForDeploymentPostprocessing = 0;
		};
		7CE6151C1F01899600AEB9B3 /* Frameworks */ = {
			isa = PBXFrameworksBuildPhase;
			buildActionMask = 2147483647;
			files = (
			);
			runOnlyForDeploymentPostprocessing = 0;
		};
		7CE615271F01899600AEB9B3 /* Frameworks */ = {
			isa = PBXFrameworksBuildPhase;
			buildActionMask = 2147483647;
			files = (
			);
			runOnlyForDeploymentPostprocessing = 0;
		};
/* End PBXFrameworksBuildPhase section */

/* Begin PBXGroup section */
		7CE615021F01899600AEB9B3 = {
			isa = PBXGroup;
			children = (
				7CE6150D1F01899600AEB9B3 /* chat */,
				7CE615221F01899600AEB9B3 /* chatTests */,
				7CE6152D1F01899600AEB9B3 /* chatUITests */,
				7CE6150C1F01899600AEB9B3 /* Products */,
			);
			sourceTree = "<group>";
		};
		7CE6150C1F01899600AEB9B3 /* Products */ = {
			isa = PBXGroup;
			children = (
				7CE6150B1F01899600AEB9B3 /* chat.app */,
				7CE6151F1F01899600AEB9B3 /* chatTests.xctest */,
				7CE6152A1F01899600AEB9B3 /* chatUITests.xctest */,
			);
			name = Products;
			sourceTree = "<group>";
		};
		7CE6150D1F01899600AEB9B3 /* chat */ = {
			isa = PBXGroup;
			children = (
				7CE6150E1F01899600AEB9B3 /* AppDelegate.swift */,
				7CE615101F01899600AEB9B3 /* ViewController.swift */,
				7CE615121F01899600AEB9B3 /* Main.storyboard */,
				7CE615151F01899600AEB9B3 /* Assets.xcassets */,
				7CE615171F01899600AEB9B3 /* LaunchScreen.storyboard */,
				7CE6151A1F01899600AEB9B3 /* Info.plist */,
			);
			path = chat;
			sourceTree = "<group>";
		};
		7CE615221F01899600AEB9B3 /* chatTests */ = {
			isa = PBXGroup;
			children = (
				7CE615231F01899600AEB9B3 /* chatTests.swift */,
				7CE615251F01899600AEB9B3 /* Info.plist */,
			);
			path = chatTests;
			sourceTree = "<group>";
		};
		7CE6152D1F01899600AEB9B3 /* chatUITests */ = {
			isa = PBXGroup;
			children = (
				7CE6152E1F01899600AEB9B3 /* chatUITests.swift */,
				7CE615301F01899600AEB9B3 /* Info.plist */,
			);
			path = chatUITests;
			sourceTree = "<group>";
		};
/* End PBXGroup section */

/* Begin PBXNativeTarget section */
		7CE6150A1F01899600AEB9B3 /* chat */ = {
			isa = PBXNativeTarget;
			buildConfigurationList = 7CE615331F01899600AEB9B3 /* Build configuration list for PBXNativeTarget "chat" */;
			buildPhases = (
				7CE615071F01899600AEB9B3 /* Sources */,
				7CE615081F01899600AEB9B3 /* Frameworks */,
				7CE615091F01899600AEB9B3 /* Resources */,
			);
			buildRules = (
			);
			dependencies = (
			);
			name = chat;
			productName = chat;
			productReference = 7CE6150B1F01899600AEB9B3 /* chat.app */;
			productType = "com.apple.product-type.application";
		};
		7CE6151E1F01899600AEB9B3 /* chatTests */ = {
			isa = PBXNativeTarget;
			buildConfigurationList = 7CE615361F01899600AEB9B3 /* Build configuration list for PBXNativeTarget "chatTests" */;
			buildPhases = (
				7CE6151B1F01899600AEB9B3 /* Sources */,
				7CE6151C1F01899600AEB9B3 /* Frameworks */,
				7CE6151D1F01899600AEB9B3 /* Resources */,
			);
			buildRules = (
			);
			dependencies = (
				7CE615211F01899600AEB9B3 /* PBXTargetDependency */,
			);
			name = chatTests;
			productName = chatTests;
			productReference = 7CE6151F1F01899600AEB9B3 /* chatTests.xctest */;
			productType = "com.apple.product-type.bundle.unit-test";
		};
		7CE615291F01899600AEB9B3 /* chatUITests */ = {
			isa = PBXNativeTarget;
			buildConfigurationList = 7CE615391F01899600AEB9B3 /* Build configuration list for PBXNativeTarget "chatUITests" */;
			buildPhases = (
				7CE615261F01899600AEB9B3 /* Sources */,
				7CE615271F01899600AEB9B3 /* Frameworks */,
				7CE615281F01899600AEB9B3 /* Resources */,
			);
			buildRules = (
			);
			dependencies = (
				7CE6152C1F01899600AEB9B3 /* PBXTargetDependency */,
			);
			name = chatUITests;
			productName = chatUITests;
			productReference = 7CE6152A1F01899600AEB9B3 /* chatUITests.xctest */;
			productType = "com.apple.product-type.bundle.ui-testing";
		};
/* End PBXNativeTarget section */

/* Begin PBXProject section */
		7CE615031F01899600AEB9B3 /* Project object */ = {
			isa = PBXProject;
			attributes = {
				LastSwiftUpdateCheck = 0830;
				LastUpgradeCheck = 0830;
				ORGANIZATIONNAME = "Xiu Chen";
				TargetAttributes = {
					7CE6150A1F01899600AEB9B3 = {
						CreatedOnToolsVersion = 8.3.2;
						ProvisioningStyle = Automatic;
					};
					7CE6151E1F01899600AEB9B3 = {
						CreatedOnToolsVersion = 8.3.2;
						ProvisioningStyle = Automatic;
						TestTargetID = 7CE6150A1F01899600AEB9B3;
					};
					7CE615291F01899600AEB9B3 = {
						CreatedOnToolsVersion = 8.3.2;
						ProvisioningStyle = Automatic;
						TestTargetID = 7CE6150A1F01899600AEB9B3;
					};
				};
			};
			buildConfigurationList = 7CE615061F01899600AEB9B3 /* Build configuration list for PBXProject "chat" */;
			compatibilityVersion = "Xcode 3.2";
			developmentRegion = English;
			hasScannedForEncodings = 0;
			knownRegions = (
				en,
				Base,
			);
			mainGroup = 7CE615021F01899600AEB9B3;
			productRefGroup = 7CE6150C1F01899600AEB9B3 /* Products */;
			projectDirPath = "";
			projectRoot = "";
			targets = (
				7CE6150A1F01899600AEB9B3 /* chat */,
				7CE6151E1F01899600AEB9B3 /* chatTests */,
				7CE615291F01899600AEB9B3 /* chatUITests */,
			);
		};
/* End PBXProject section */

/* Begin PBXResourcesBuildPhase section */
		7CE615091F01899600AEB9B3 /* Resources */ = {
			isa = PBXResourcesBuildPhase;
			buildActionMask = 2147483647;
			files = (
				7CE615191F01899600AEB9B3 /* LaunchScreen.storyboard in Resources */,
				7CE615161F01899600AEB9B3 /* Assets.xcassets in Resources */,
				7CE615141F01899600AEB9B3 /* Main.storyboard in Resources */,
			);
			runOnlyForDeploymentPostprocessing = 0;
		};
		7CE6151D1F01899600AEB9B3 /* Resources */ = {
			isa = PBXResourcesBuildPhase;
			buildActionMask = 2147483647;
			files = (
			);
			runOnlyForDeploymentPostprocessing = 0;
		};
		7CE615281F01899600AEB9B3 /* Resources */ = {
			isa = PBXResourcesBuildPhase;
			buildActionMask = 2147483647;
			files = (
			);
			runOnlyForDeploymentPostprocessing = 0;
		};
/* End PBXResourcesBuildPhase section */

/* Begin PBXSourcesBuildPhase section */
		7CE615071F01899600AEB9B3 /* Sources */ = {
			isa = PBXSourcesBuildPhase;
			buildActionMask = 2147483647;
			files = (
				7CE615111F01899600AEB9B3 /* ViewController.swift in Sources */,
				7CE6150F1F01899600AEB9B3 /* AppDelegate.swift in Sources */,
			);
			runOnlyForDeploymentPostprocessing = 0;
		};
		7CE6151B1F01899600AEB9B3 /* Sources */ = {
			isa = PBXSourcesBuildPhase;
			buildActionMask = 2147483647;
			files = (
				7CE615241F01899600AEB9B3 /* chatTests.swift in Sources */,
			);
			runOnlyForDeploymentPostprocessing = 0;
		};
		7CE615261F01899600AEB9B3 /* Sources */ = {
			isa = PBXSourcesBuildPhase;
			buildActionMask = 2147483647;
			files = (
				7CE6152F1F01899600AEB9B3 /* chatUITests.swift in Sources */,
			);
			runOnlyForDeploymentPostprocessing = 0;
		};
/* End PBXSourcesBuildPhase section */

/* Begin PBXTargetDependency section */
		7CE615211F01899600AEB9B3 /* PBXTargetDependency */ = {
			isa = PBXTargetDependency;
			target = 7CE6150A1F01899600AEB9B3 /* chat */;
			targetProxy = 7CE615201F01899600AEB9B3 /* PBXContainerItemProxy */;
		};
		7CE6152C1F01899600AEB9B3 /* PBXTargetDependency */ = {
			isa = PBXTargetDependency;
			target = 7CE6150A1F01899600AEB9B3 /* chat */;
			targetProxy = 7CE6152B1F01899600AEB9B3 /* PBXContainerItemProxy */;
		};
/* End PBXTargetDependency section */

/* Begin PBXVariantGroup section */
		7CE615121F01899600AEB9B3 /* Main.storyboard */ = {
			isa = PBXVariantGroup;
			children = (
				7CE615131F01899600AEB9B3 /* Base */,
			);
			name = Main.storyboard;
			sourceTree = "<group>";
		};
		7CE615171F01899600AEB9B3 /* LaunchScreen.storyboard */ = {
			isa = PBXVariantGroup;
			children = (
				7CE615181F01899600AEB9B3 /* Base */,
			);
			name = LaunchScreen.storyboard;
			sourceTree = "<group>";
		};
/* End PBXVariantGroup section */

/* Begin XCBuildConfiguration section */
		7CE615311F01899600AEB9B3 /* Debug */ = {
			isa = XCBuildConfiguration;
			buildSettings = {
				ALWAYS_SEARCH_USER_PATHS = NO;
				CLANG_ANALYZER_NONNULL = YES;
				CLANG_ANALYZER_NUMBER_OBJECT_CONVERSION = YES_AGGRESSIVE;
				CLANG_CXX_LANGUAGE_STANDARD = "gnu++0x";
				CLANG_CXX_LIBRARY = "libc++";
				CLANG_ENABLE_MODULES = YES;
				CLANG_ENABLE_OBJC_ARC = YES;
				CLANG_WARN_BOOL_CONVERSION = YES;
				CLANG_WARN_CONSTANT_CONVERSION = YES;
				CLANG_WARN_DIRECT_OBJC_ISA_USAGE = YES_ERROR;
				CLANG_WARN_DOCUMENTATION_COMMENTS = YES;
				CLANG_WARN_EMPTY_BODY = YES;
				CLANG_WARN_ENUM_CONVERSION = YES;
				CLANG_WARN_INFINITE_RECURSION = YES;
				CLANG_WARN_INT_CONVERSION = YES;
				CLANG_WARN_OBJC_ROOT_CLASS = YES_ERROR;
				CLANG_WARN_SUSPICIOUS_MOVE = YES;
				CLANG_WARN_UNREACHABLE_CODE = YES;
				CLANG_WARN__DUPLICATE_METHOD_MATCH = YES;
				"CODE_SIGN_IDENTITY[sdk=iphoneos*]" = "iPhone Developer";
				COPY_PHASE_STRIP = NO;
				DEBUG_INFORMATION_FORMAT = dwarf;
				ENABLE_STRICT_OBJC_MSGSEND = YES;
				ENABLE_TESTABILITY = YES;
				GCC_C_LANGUAGE_STANDARD = gnu99;
				GCC_DYNAMIC_NO_PIC = NO;
				GCC_NO_COMMON_BLOCKS = YES;
				GCC_OPTIMIZATION_LEVEL = 0;
				GCC_PREPROCESSOR_DEFINITIONS = (
					"DEBUG=1",
					"$(inherited)",
				);
				GCC_WARN_64_TO_32_BIT_CONVERSION = YES;
				GCC_WARN_ABOUT_RETURN_TYPE = YES_ERROR;
				GCC_WARN_UNDECLARED_SELECTOR = YES;
				GCC_WARN_UNINITIALIZED_AUTOS = YES_AGGRESSIVE;
				GCC_WARN_UNUSED_FUNCTION = YES;
				GCC_WARN_UNUSED_VARIABLE = YES;
				IPHONEOS_DEPLOYMENT_TARGET = 10.3;
				MTL_ENABLE_DEBUG_INFO = YES;
				ONLY_ACTIVE_ARCH = YES;
				SDKROOT = iphoneos;
				SWIFT_ACTIVE_COMPILATION_CONDITIONS = DEBUG;
				SWIFT_OPTIMIZATION_LEVEL = "-Onone";
				TARGETED_DEVICE_FAMILY = "1,2";
			};
			name = Debug;
		};
		7CE615321F01899600AEB9B3 /* Release */ = {
			isa = XCBuildConfiguration;
			buildSettings = {
				ALWAYS_SEARCH_USER_PATHS = NO;
				CLANG_ANALYZER_NONNULL = YES;
				CLANG_ANALYZER_NUMBER_OBJECT_CONVERSION = YES_AGGRESSIVE;
				CLANG_CXX_LANGUAGE_STANDARD = "gnu++0x";
				CLANG_CXX_LIBRARY = "libc++";
				CLANG_ENABLE_MODULES = YES;
				CLANG_ENABLE_OBJC_ARC = YES;
				CLANG_WARN_BOOL_CONVERSION = YES;
				CLANG_WARN_CONSTANT_CONVERSION = YES;
				CLANG_WARN_DIRECT_OBJC_ISA_USAGE = YES_ERROR;
				CLANG_WARN_DOCUMENTATION_COMMENTS = YES;
				CLANG_WARN_EMPTY_BODY = YES;
				CLANG_WARN_ENUM_CONVERSION = YES;
				CLANG_WARN_INFINITE_RECURSION = YES;
				CLANG_WARN_INT_CONVERSION = YES;
				CLANG_WARN_OBJC_ROOT_CLASS = YES_ERROR;
				CLANG_WARN_SUSPICIOUS_MOVE = YES;
				CLANG_WARN_UNREACHABLE_CODE = YES;
				CLANG_WARN__DUPLICATE_METHOD_MATCH = YES;
				"CODE_SIGN_IDENTITY[sdk=iphoneos*]" = "iPhone Developer";
				COPY_PHASE_STRIP = NO;
				DEBUG_INFORMATION_FORMAT = "dwarf-with-dsym";
				ENABLE_NS_ASSERTIONS = NO;
				ENABLE_STRICT_OBJC_MSGSEND = YES;
				GCC_C_LANGUAGE_STANDARD = gnu99;
				GCC_NO_COMMON_BLOCKS = YES;
				GCC_WARN_64_TO_32_BIT_CONVERSION = YES;
				GCC_WARN_ABOUT_RETURN_TYPE = YES_ERROR;
				GCC_WARN_UNDECLARED_SELECTOR = YES;
				GCC_WARN_UNINITIALIZED_AUTOS = YES_AGGRESSIVE;
				GCC_WARN_UNUSED_FUNCTION = YES;
				GCC_WARN_UNUSED_VARIABLE = YES;
				IPHONEOS_DEPLOYMENT_TARGET = 10.3;
				MTL_ENABLE_DEBUG_INFO = NO;
				SDKROOT = iphoneos;
				SWIFT_OPTIMIZATION_LEVEL = "-Owholemodule";
				TARGETED_DEVICE_FAMILY = "1,2";
				VALIDATE_PRODUCT = YES;
			};
			name = Release;
		};
		7CE615341F01899600AEB9B3 /* Debug */ = {
			isa = XCBuildConfiguration;
			buildSettings = {
				ASSETCATALOG_COMPILER_APPICON_NAME = AppIcon;
				INFOPLIST_FILE = chat/Info.plist;
				LD_RUNPATH_SEARCH_PATHS = "$(inherited) @executable_path/Frameworks";
				PRODUCT_BUNDLE_IDENTIFIER = com.xiuchen.chat;
				PRODUCT_NAME = "$(TARGET_NAME)";
				SWIFT_VERSION = 3.0;
			};
			name = Debug;
		};
		7CE615351F01899600AEB9B3 /* Release */ = {
			isa = XCBuildConfiguration;
			buildSettings = {
				ASSETCATALOG_COMPILER_APPICON_NAME = AppIcon;
				INFOPLIST_FILE = chat/Info.plist;
				LD_RUNPATH_SEARCH_PATHS = "$(inherited) @executable_path/Frameworks";
				PRODUCT_BUNDLE_IDENTIFIER = com.xiuchen.chat;
				PRODUCT_NAME = "$(TARGET_NAME)";
				SWIFT_VERSION = 3.0;
			};
			name = Release;
		};
		7CE615371F01899600AEB9B3 /* Debug */ = {
			isa = XCBuildConfiguration;
			buildSettings = {
				ALWAYS_EMBED_SWIFT_STANDARD_LIBRARIES = YES;
				BUNDLE_LOADER = "$(TEST_HOST)";
				INFOPLIST_FILE = chatTests/Info.plist;
				LD_RUNPATH_SEARCH_PATHS = "$(inherited) @executable_path/Frameworks @loader_path/Frameworks";
				PRODUCT_BUNDLE_IDENTIFIER = com.xiuchen.chatTests;
				PRODUCT_NAME = "$(TARGET_NAME)";
				SWIFT_VERSION = 3.0;
				TEST_HOST = "$(BUILT_PRODUCTS_DIR)/chat.app/chat";
			};
			name = Debug;
		};
		7CE615381F01899600AEB9B3 /* Release */ = {
			isa = XCBuildConfiguration;
			buildSettings = {
				ALWAYS_EMBED_SWIFT_STANDARD_LIBRARIES = YES;
				BUNDLE_LOADER = "$(TEST_HOST)";
				INFOPLIST_FILE = chatTests/Info.plist;
				LD_RUNPATH_SEARCH_PATHS = "$(inherited) @executable_path/Frameworks @loader_path/Frameworks";
				PRODUCT_BUNDLE_IDENTIFIER = com.xiuchen.chatTests;
				PRODUCT_NAME = "$(TARGET_NAME)";
				SWIFT_VERSION = 3.0;
				TEST_HOST = "$(BUILT_PRODUCTS_DIR)/chat.app/chat";
			};
			name = Release;
		};
		7CE6153A1F01899600AEB9B3 /* Debug */ = {
			isa = XCBuildConfiguration;
			buildSettings = {
				ALWAYS_EMBED_SWIFT_STANDARD_LIBRARIES = YES;
				INFOPLIST_FILE = chatUITests/Info.plist;
				LD_RUNPATH_SEARCH_PATHS = "$(inherited) @executable_path/Frameworks @loader_path/Frameworks";
				PRODUCT_BUNDLE_IDENTIFIER = com.xiuchen.chatUITests;
				PRODUCT_NAME = "$(TARGET_NAME)";
				SWIFT_VERSION = 3.0;
				TEST_TARGET_NAME = chat;
			};
			name = Debug;
		};
		7CE6153B1F01899600AEB9B3 /* Release */ = {
			isa = XCBuildConfiguration;
			buildSettings = {
				ALWAYS_EMBED_SWIFT_STANDARD_LIBRARIES = YES;
				INFOPLIST_FILE = chatUITests/Info.plist;
				LD_RUNPATH_SEARCH_PATHS = "$(inherited) @executable_path/Frameworks @loader_path/Frameworks";
				PRODUCT_BUNDLE_IDENTIFIER = com.xiuchen.chatUITests;
				PRODUCT_NAME = "$(TARGET_NAME)";
				SWIFT_VERSION = 3.0;
				TEST_TARGET_NAME = chat;
			};
			name = Release;
		};
/* End XCBuildConfiguration section */

/* Begin XCConfigurationList section */
		7CE615061F01899600AEB9B3 /* Build configuration list for PBXProject "chat" */ = {
			isa = XCConfigurationList;
			buildConfigurations = (
				7CE615311F01899600AEB9B3 /* Debug */,
				7CE615321F01899600AEB9B3 /* Release */,
			);
			defaultConfigurationIsVisible = 0;
			defaultConfigurationName = Release;
		};
		7CE615331F01899600AEB9B3 /* Build configuration list for PBXNativeTarget "chat" */ = {
			isa = XCConfigurationList;
			buildConfigurations = (
				7CE615341F01899600AEB9B3 /* Debug */,
				7CE615351F01899600AEB9B3 /* Release */,
			);
			defaultConfigurationIsVisible = 0;
		};
		7CE615361F01899600AEB9B3 /* Build configuration list for PBXNativeTarget "chatTests" */ = {
			isa = XCConfigurationList;
			buildConfigurations = (
				7CE615371F01899600AEB9B3 /* Debug */,
				7CE615381F01899600AEB9B3 /* Release */,
			);
			defaultConfigurationIsVisible = 0;
		};
		7CE615391F01899600AEB9B3 /* Build configuration list for PBXNativeTarget "chatUITests" */ = {
			isa = XCConfigurationList;
			buildConfigurations = (
				7CE6153A1F01899600AEB9B3 /* Debug */,
				7CE6153B1F01899600AEB9B3 /* Release */,
			);
			defaultConfigurationIsVisible = 0;
		};
/* End XCConfigurationList section */
	};
	rootObject = 7CE615031F01899600AEB9B3 /* Project object */;
}
